
Microsoft Visual Studio Solution File, Format Version 12.00
# Visual Studio 15
VisualStudioVersion = 15.0.27703.2000
MinimumVisualStudioVersion = 10.0.40219.1
Project("{FAE04EC0-301F-11D3-BF4B-00C04F79EFBC}") = "CoolBooks2", "CoolBooks2\CoolBooks2.csproj", "{24F794E6-7034-46C8-9427-1FF4F3F08596}"
EndProject
Global
	GlobalSection(SolutionConfigurationPlatforms) = preSolution
		Debug|Any CPU = Debug|Any CPU
		Release|Any CPU = Release|Any CPU
	EndGlobalSection
	GlobalSection(ProjectConfigurationPlatforms) = postSolution
		{24F794E6-7034-46C8-9427-1FF4F3F08596}.Debug|Any CPU.ActiveCfg = Debug|Any CPU
		{24F794E6-7034-46C8-9427-1FF4F3F08596}.Debug|Any CPU.Build.0 = Debug|Any CPU
		{24F794E6-7034-46C8-9427-1FF4F3F08596}.Release|Any CPU.ActiveCfg = Release|Any CPU
		{24F794E6-7034-46C8-9427-1FF4F3F08596}.Release|Any CPU.Build.0 = Release|Any CPU
	EndGlobalSection
	GlobalSection(SolutionProperties) = preSolution
		HideSolutionNode = FALSE
	EndGlobalSection
	GlobalSection(ExtensibilityGlobals) = postSolution
		SolutionGuid = {BAAF4FCD-9899-4500-86F4-6D3FE934DF4B}
	EndGlobalSection
EndGlobal
